
Microsoft Visual Studio Solution File, Format Version 12.00
# Visual Studio Version 16
VisualStudioVersion = 16.6.30114.105
MinimumVisualStudioVersion = 10.0.40219.1
Project("{FAE04EC0-301F-11D3-BF4B-00C04F79EFBC}") = "Penguin.Cms.Entities.Local", "Penguin.Cms.Entities.Local.csproj", "{EEBE9715-F451-43B5-8277-3BA928A5A274}"
EndProject
Project("{FAE04EC0-301F-11D3-BF4B-00C04F79EFBC}") = "Penguin.Persistence.Abstractions.Local", "..\Penguin.Persistence.Abstractions\Penguin.Persistence.Abstractions.Local.csproj", "{42683DB0-45FD-49D7-AEF4-9E4E4EE03968}"
EndProject
Project("{FAE04EC0-301F-11D3-BF4B-00C04F79EFBC}") = "Penguin.Entities.Abstractions.Local", "..\Penguin.Entities.Abstractions\Penguin.Entities.Abstractions.Local.csproj", "{8715A756-00C8-4502-AC7B-5CA6FCBC182B}"
EndProject
Project("{FAE04EC0-301F-11D3-BF4B-00C04F79EFBC}") = "Penguin.Reflection.Extensions.Local", "..\Penguin.Reflection.Extensions\Penguin.Reflection.Extensions.Local.csproj", "{7975596F-2CF5-466A-97A4-7E4AE917505A}"
EndProject
Project("{FAE04EC0-301F-11D3-BF4B-00C04F79EFBC}") = "Penguin.Reflection.Abstractions.Local", "..\Penguin.Reflection.Abstractions\Penguin.Reflection.Abstractions.Local.csproj", "{2D3D3436-575F-4F7F-8347-90E387F24805}"
EndProject
Project("{FAE04EC0-301F-11D3-BF4B-00C04F79EFBC}") = "Penguin.Extensions.String.Local", "..\Penguin.Extensions.String\Penguin.Extensions.String.Local.csproj", "{FC942F26-AE31-47AD-88D2-BE22A5EA6487}"
EndProject
Global
	GlobalSection(SolutionConfigurationPlatforms) = preSolution
		Debug|Any CPU = Debug|Any CPU
		Debug|x64 = Debug|x64
		Debug|x86 = Debug|x86
		Release|Any CPU = Release|Any CPU
		Release|x64 = Release|x64
		Release|x86 = Release|x86
	EndGlobalSection
	GlobalSection(SolutionProperties) = preSolution
		HideSolutionNode = FALSE
	EndGlobalSection
	GlobalSection(ProjectConfigurationPlatforms) = postSolution
		{EEBE9715-F451-43B5-8277-3BA928A5A274}.Debug|Any CPU.ActiveCfg = Debug|Any CPU
		{EEBE9715-F451-43B5-8277-3BA928A5A274}.Debug|Any CPU.Build.0 = Debug|Any CPU
		{EEBE9715-F451-43B5-8277-3BA928A5A274}.Debug|x64.ActiveCfg = Debug|Any CPU
		{EEBE9715-F451-43B5-8277-3BA928A5A274}.Debug|x64.Build.0 = Debug|Any CPU
		{EEBE9715-F451-43B5-8277-3BA928A5A274}.Debug|x86.ActiveCfg = Debug|Any CPU
		{EEBE9715-F451-43B5-8277-3BA928A5A274}.Debug|x86.Build.0 = Debug|Any CPU
		{EEBE9715-F451-43B5-8277-3BA928A5A274}.Release|Any CPU.ActiveCfg = Release|Any CPU
		{EEBE9715-F451-43B5-8277-3BA928A5A274}.Release|Any CPU.Build.0 = Release|Any CPU
		{EEBE9715-F451-43B5-8277-3BA928A5A274}.Release|x64.ActiveCfg = Release|Any CPU
		{EEBE9715-F451-43B5-8277-3BA928A5A274}.Release|x64.Build.0 = Release|Any CPU
		{EEBE9715-F451-43B5-8277-3BA928A5A274}.Release|x86.ActiveCfg = Release|Any CPU
		{EEBE9715-F451-43B5-8277-3BA928A5A274}.Release|x86.Build.0 = Release|Any CPU
		{42683DB0-45FD-49D7-AEF4-9E4E4EE03968}.Debug|Any CPU.ActiveCfg = Debug|Any CPU
		{42683DB0-45FD-49D7-AEF4-9E4E4EE03968}.Debug|Any CPU.Build.0 = Debug|Any CPU
		{42683DB0-45FD-49D7-AEF4-9E4E4EE03968}.Debug|x64.ActiveCfg = Debug|Any CPU
		{42683DB0-45FD-49D7-AEF4-9E4E4EE03968}.Debug|x64.Build.0 = Debug|Any CPU
		{42683DB0-45FD-49D7-AEF4-9E4E4EE03968}.Debug|x86.ActiveCfg = Debug|Any CPU
		{42683DB0-45FD-49D7-AEF4-9E4E4EE03968}.Debug|x86.Build.0 = Debug|Any CPU
		{42683DB0-45FD-49D7-AEF4-9E4E4EE03968}.Release|Any CPU.ActiveCfg = Release|Any CPU
		{42683DB0-45FD-49D7-AEF4-9E4E4EE03968}.Release|Any CPU.Build.0 = Release|Any CPU
		{42683DB0-45FD-49D7-AEF4-9E4E4EE03968}.Release|x64.ActiveCfg = Release|Any CPU
		{42683DB0-45FD-49D7-AEF4-9E4E4EE03968}.Release|x64.Build.0 = Release|Any CPU
		{42683DB0-45FD-49D7-AEF4-9E4E4EE03968}.Release|x86.ActiveCfg = Release|Any CPU
		{42683DB0-45FD-49D7-AEF4-9E4E4EE03968}.Release|x86.Build.0 = Release|Any CPU
		{8715A756-00C8-4502-AC7B-5CA6FCBC182B}.Debug|Any CPU.ActiveCfg = Debug|Any CPU
		{8715A756-00C8-4502-AC7B-5CA6FCBC182B}.Debug|Any CPU.Build.0 = Debug|Any CPU
		{8715A756-00C8-4502-AC7B-5CA6FCBC182B}.Debug|x64.ActiveCfg = Debug|Any CPU
		{8715A756-00C8-4502-AC7B-5CA6FCBC182B}.Debug|x64.Build.0 = Debug|Any CPU
		{8715A756-00C8-4502-AC7B-5CA6FCBC182B}.Debug|x86.ActiveCfg = Debug|Any CPU
		{8715A756-00C8-4502-AC7B-5CA6FCBC182B}.Debug|x86.Build.0 = Debug|Any CPU
		{8715A756-00C8-4502-AC7B-5CA6FCBC182B}.Release|Any CPU.ActiveCfg = Release|Any CPU
		{8715A756-00C8-4502-AC7B-5CA6FCBC182B}.Release|Any CPU.Build.0 = Release|Any CPU
		{8715A756-00C8-4502-AC7B-5CA6FCBC182B}.Release|x64.ActiveCfg = Release|Any CPU
		{8715A756-00C8-4502-AC7B-5CA6FCBC182B}.Release|x64.Build.0 = Release|Any CPU
		{8715A756-00C8-4502-AC7B-5CA6FCBC182B}.Release|x86.ActiveCfg = Release|Any CPU
		{8715A756-00C8-4502-AC7B-5CA6FCBC182B}.Release|x86.Build.0 = Release|Any CPU
		{7975596F-2CF5-466A-97A4-7E4AE917505A}.Debug|Any CPU.ActiveCfg = Debug|Any CPU
		{7975596F-2CF5-466A-97A4-7E4AE917505A}.Debug|Any CPU.Build.0 = Debug|Any CPU
		{7975596F-2CF5-466A-97A4-7E4AE917505A}.Debug|x64.ActiveCfg = Debug|Any CPU
		{7975596F-2CF5-466A-97A4-7E4AE917505A}.Debug|x64.Build.0 = Debug|Any CPU
		{7975596F-2CF5-466A-97A4-7E4AE917505A}.Debug|x86.ActiveCfg = Debug|Any CPU
		{7975596F-2CF5-466A-97A4-7E4AE917505A}.Debug|x86.Build.0 = Debug|Any CPU
		{7975596F-2CF5-466A-97A4-7E4AE917505A}.Release|Any CPU.ActiveCfg = Release|Any CPU
		{7975596F-2CF5-466A-97A4-7E4AE917505A}.Release|Any CPU.Build.0 = Release|Any CPU
		{7975596F-2CF5-466A-97A4-7E4AE917505A}.Release|x64.ActiveCfg = Release|Any CPU
		{7975596F-2CF5-466A-97A4-7E4AE917505A}.Release|x64.Build.0 = Release|Any CPU
		{7975596F-2CF5-466A-97A4-7E4AE917505A}.Release|x86.ActiveCfg = Release|Any CPU
		{7975596F-2CF5-466A-97A4-7E4AE917505A}.Release|x86.Build.0 = Release|Any CPU
		{2D3D3436-575F-4F7F-8347-90E387F24805}.Debug|Any CPU.ActiveCfg = Debug|Any CPU
		{2D3D3436-575F-4F7F-8347-90E387F24805}.Debug|Any CPU.Build.0 = Debug|Any CPU
		{2D3D3436-575F-4F7F-8347-90E387F24805}.Debug|x64.ActiveCfg = Debug|Any CPU
		{2D3D3436-575F-4F7F-8347-90E387F24805}.Debug|x64.Build.0 = Debug|Any CPU
		{2D3D3436-575F-4F7F-8347-90E387F24805}.Debug|x86.ActiveCfg = Debug|Any CPU
		{2D3D3436-575F-4F7F-8347-90E387F24805}.Debug|x86.Build.0 = Debug|Any CPU
		{2D3D3436-575F-4F7F-8347-90E387F24805}.Release|Any CPU.ActiveCfg = Release|Any CPU
		{2D3D3436-575F-4F7F-8347-90E387F24805}.Release|Any CPU.Build.0 = Release|Any CPU
		{2D3D3436-575F-4F7F-8347-90E387F24805}.Release|x64.ActiveCfg = Release|Any CPU
		{2D3D3436-575F-4F7F-8347-90E387F24805}.Release|x64.Build.0 = Release|Any CPU
		{2D3D3436-575F-4F7F-8347-90E387F24805}.Release|x86.ActiveCfg = Release|Any CPU
		{2D3D3436-575F-4F7F-8347-90E387F24805}.Release|x86.Build.0 = Release|Any CPU
		{FC942F26-AE31-47AD-88D2-BE22A5EA6487}.Debug|Any CPU.ActiveCfg = Debug|Any CPU
		{FC942F26-AE31-47AD-88D2-BE22A5EA6487}.Debug|Any CPU.Build.0 = Debug|Any CPU
		{FC942F26-AE31-47AD-88D2-BE22A5EA6487}.Debug|x64.ActiveCfg = Debug|Any CPU
		{FC942F26-AE31-47AD-88D2-BE22A5EA6487}.Debug|x64.Build.0 = Debug|Any CPU
		{FC942F26-AE31-47AD-88D2-BE22A5EA6487}.Debug|x86.ActiveCfg = Debug|Any CPU
		{FC942F26-AE31-47AD-88D2-BE22A5EA6487}.Debug|x86.Build.0 = Debug|Any CPU
		{FC942F26-AE31-47AD-88D2-BE22A5EA6487}.Release|Any CPU.ActiveCfg = Release|Any CPU
		{FC942F26-AE31-47AD-88D2-BE22A5EA6487}.Release|Any CPU.Build.0 = Release|Any CPU
		{FC942F26-AE31-47AD-88D2-BE22A5EA6487}.Release|x64.ActiveCfg = Release|Any CPU
		{FC942F26-AE31-47AD-88D2-BE22A5EA6487}.Release|x64.Build.0 = Release|Any CPU
		{FC942F26-AE31-47AD-88D2-BE22A5EA6487}.Release|x86.ActiveCfg = Release|Any CPU
		{FC942F26-AE31-47AD-88D2-BE22A5EA6487}.Release|x86.Build.0 = Release|Any CPU
	EndGlobalSection
EndGlobal
